
Microsoft Visual Studio Solution File, Format Version 12.00
# Visual Studio Version 17
VisualStudioVersion = 17.3.32825.248
MinimumVisualStudioVersion = 10.0.40219.1
Project("{9A19103F-16F7-4668-BE54-9A1E7A4F7556}") = "Service2", "Service2\Service2.csproj", "{05A77867-6CCA-4C87-B580-3A84285001AE}"
EndProject
Project("{FAE04EC0-301F-11D3-BF4B-00C04F79EFBC}") = "Service2.Tests", "Service2.Tests\Service2.Tests.csproj", "{FD3969B1-1D10-4EF2-B1C5-8DCA1F89766F}"
EndProject
Global
	GlobalSection(SolutionConfigurationPlatforms) = preSolution
		Debug|Any CPU = Debug|Any CPU
		Release|Any CPU = Release|Any CPU
	EndGlobalSection
	GlobalSection(ProjectConfigurationPlatforms) = postSolution
		{05A77867-6CCA-4C87-B580-3A84285001AE}.Debug|Any CPU.ActiveCfg = Debug|Any CPU
		{05A77867-6CCA-4C87-B580-3A84285001AE}.Debug|Any CPU.Build.0 = Debug|Any CPU
		{05A77867-6CCA-4C87-B580-3A84285001AE}.Release|Any CPU.ActiveCfg = Release|Any CPU
		{05A77867-6CCA-4C87-B580-3A84285001AE}.Release|Any CPU.Build.0 = Release|Any CPU
		{FD3969B1-1D10-4EF2-B1C5-8DCA1F89766F}.Debug|Any CPU.ActiveCfg = Debug|Any CPU
		{FD3969B1-1D10-4EF2-B1C5-8DCA1F89766F}.Debug|Any CPU.Build.0 = Debug|Any CPU
		{FD3969B1-1D10-4EF2-B1C5-8DCA1F89766F}.Release|Any CPU.ActiveCfg = Release|Any CPU
		{FD3969B1-1D10-4EF2-B1C5-8DCA1F89766F}.Release|Any CPU.Build.0 = Release|Any CPU
	EndGlobalSection
	GlobalSection(SolutionProperties) = preSolution
		HideSolutionNode = FALSE
	EndGlobalSection
	GlobalSection(ExtensibilityGlobals) = postSolution
		SolutionGuid = {31EE3B9A-1664-47FE-8618-9B1BF4F808DD}
	EndGlobalSection
EndGlobal
